
Microsoft Visual Studio Solution File, Format Version 12.00
# Visual Studio 15
VisualStudioVersion = 15.0.26730.16
MinimumVisualStudioVersion = 10.0.40219.1
Project("{FAE04EC0-301F-11D3-BF4B-00C04F79EFBC}") = "CarnetDeNotes", "CarnetDeNotes\CarnetDeNotes.csproj", "{8ADFB4CB-B468-4EC1-B79E-2FBF350DBFDC}"
EndProject
Project("{FAE04EC0-301F-11D3-BF4B-00C04F79EFBC}") = "TestsCarnet2Notes", "TestsCarnet2Notes\TestsCarnet2Notes.csproj", "{F027C4C4-04F4-4412-8147-B90DE745B1F7}"
EndProject
Project("{FAE04EC0-301F-11D3-BF4B-00C04F79EFBC}") = "AppliCarnet2Notes", "AppliCarnet2Notes\AppliCarnet2Notes.csproj", "{B54660EF-383C-40D7-9CC1-DFD5E6F3EE49}"
EndProject
Global
	GlobalSection(SolutionConfigurationPlatforms) = preSolution
		Debug|Any CPU = Debug|Any CPU
		Release|Any CPU = Release|Any CPU
	EndGlobalSection
	GlobalSection(ProjectConfigurationPlatforms) = postSolution
		{8ADFB4CB-B468-4EC1-B79E-2FBF350DBFDC}.Debug|Any CPU.ActiveCfg = Debug|Any CPU
		{8ADFB4CB-B468-4EC1-B79E-2FBF350DBFDC}.Debug|Any CPU.Build.0 = Debug|Any CPU
		{8ADFB4CB-B468-4EC1-B79E-2FBF350DBFDC}.Release|Any CPU.ActiveCfg = Release|Any CPU
		{8ADFB4CB-B468-4EC1-B79E-2FBF350DBFDC}.Release|Any CPU.Build.0 = Release|Any CPU
		{F027C4C4-04F4-4412-8147-B90DE745B1F7}.Debug|Any CPU.ActiveCfg = Debug|Any CPU
		{F027C4C4-04F4-4412-8147-B90DE745B1F7}.Debug|Any CPU.Build.0 = Debug|Any CPU
		{F027C4C4-04F4-4412-8147-B90DE745B1F7}.Release|Any CPU.ActiveCfg = Release|Any CPU
		{F027C4C4-04F4-4412-8147-B90DE745B1F7}.Release|Any CPU.Build.0 = Release|Any CPU
		{B54660EF-383C-40D7-9CC1-DFD5E6F3EE49}.Debug|Any CPU.ActiveCfg = Debug|Any CPU
		{B54660EF-383C-40D7-9CC1-DFD5E6F3EE49}.Debug|Any CPU.Build.0 = Debug|Any CPU
		{B54660EF-383C-40D7-9CC1-DFD5E6F3EE49}.Release|Any CPU.ActiveCfg = Release|Any CPU
		{B54660EF-383C-40D7-9CC1-DFD5E6F3EE49}.Release|Any CPU.Build.0 = Release|Any CPU
	EndGlobalSection
	GlobalSection(SolutionProperties) = preSolution
		HideSolutionNode = FALSE
	EndGlobalSection
	GlobalSection(ExtensibilityGlobals) = postSolution
		SolutionGuid = {7488F3D6-7BD1-4599-A7F4-6EF91EFA69FB}
	EndGlobalSection
EndGlobal
